
Microsoft Visual Studio Solution File, Format Version 12.00
# Visual Studio 14
VisualStudioVersion = 14.0.25123.0
MinimumVisualStudioVersion = 10.0.40219.1
Project("{8BB2217D-0F2D-49D1-97BC-3654ED321F3B}") = "Login", "Login\Login.xproj", "{F416D0B1-71EE-400E-91E2-FC2B047DA208}"
EndProject
Project("{FAE04EC0-301F-11D3-BF4B-00C04F79EFBC}") = "LoyaltyProgram", "LoyaltyProgram\LoyaltyProgram.csproj", "{00AF495B-46AF-40CC-80EA-6261A98ADC26}"
EndProject
Project("{FAE04EC0-301F-11D3-BF4B-00C04F79EFBC}") = "ApiGatewayMock", "ApiGatewayMock\ApiGatewayMock.csproj", "{F0216404-E3A5-4622-A3CD-3C9EC352F46C}"
EndProject
Global
	GlobalSection(SolutionConfigurationPlatforms) = preSolution
		Debug|Any CPU = Debug|Any CPU
		Release|Any CPU = Release|Any CPU
	EndGlobalSection
	GlobalSection(ProjectConfigurationPlatforms) = postSolution
		{F416D0B1-71EE-400E-91E2-FC2B047DA208}.Debug|Any CPU.ActiveCfg = Debug|Any CPU
		{F416D0B1-71EE-400E-91E2-FC2B047DA208}.Debug|Any CPU.Build.0 = Debug|Any CPU
		{F416D0B1-71EE-400E-91E2-FC2B047DA208}.Release|Any CPU.ActiveCfg = Release|Any CPU
		{F416D0B1-71EE-400E-91E2-FC2B047DA208}.Release|Any CPU.Build.0 = Release|Any CPU
		{00AF495B-46AF-40CC-80EA-6261A98ADC26}.Debug|Any CPU.ActiveCfg = Debug|Any CPU
		{00AF495B-46AF-40CC-80EA-6261A98ADC26}.Debug|Any CPU.Build.0 = Debug|Any CPU
		{00AF495B-46AF-40CC-80EA-6261A98ADC26}.Release|Any CPU.ActiveCfg = Release|Any CPU
		{00AF495B-46AF-40CC-80EA-6261A98ADC26}.Release|Any CPU.Build.0 = Release|Any CPU
		{F0216404-E3A5-4622-A3CD-3C9EC352F46C}.Debug|Any CPU.ActiveCfg = Debug|Any CPU
		{F0216404-E3A5-4622-A3CD-3C9EC352F46C}.Debug|Any CPU.Build.0 = Debug|Any CPU
		{F0216404-E3A5-4622-A3CD-3C9EC352F46C}.Release|Any CPU.ActiveCfg = Release|Any CPU
		{F0216404-E3A5-4622-A3CD-3C9EC352F46C}.Release|Any CPU.Build.0 = Release|Any CPU
	EndGlobalSection
	GlobalSection(SolutionProperties) = preSolution
		HideSolutionNode = FALSE
	EndGlobalSection
EndGlobal
